// !$*UTF8*$!
{
	archiveVersion = 1;
	classes = {
	};
	objectVersion = 56;
	objects = {

/* Begin PBXBuildFile section */
		B12BE8CF2A8C8D7C00C496A0 /* DSAApp.swift in Sources */ = {isa = PBXBuildFile; fileRef = B12BE8CE2A8C8D7C00C496A0 /* DSAApp.swift */; };
		B12BE8D12A8C8D7C00C496A0 /* ContentView.swift in Sources */ = {isa = PBXBuildFile; fileRef = B12BE8D02A8C8D7C00C496A0 /* ContentView.swift */; };
		B12BE8D32A8C8D7E00C496A0 /* Assets.xcassets in Resources */ = {isa = PBXBuildFile; fileRef = B12BE8D22A8C8D7E00C496A0 /* Assets.xcassets */; };
		B12BE8D62A8C8D7E00C496A0 /* Preview Assets.xcassets in Resources */ = {isa = PBXBuildFile; fileRef = B12BE8D52A8C8D7E00C496A0 /* Preview Assets.xcassets */; };
		B12BE8DF2A8C9ED100C496A0 /* AlgoRunner.swift in Sources */ = {isa = PBXBuildFile; fileRef = B12BE8DE2A8C9ED100C496A0 /* AlgoRunner.swift */; };
		B12BE8EF2A8CB88300C496A0 /* TwoNumberSum.swift in Sources */ = {isa = PBXBuildFile; fileRef = B12BE8EE2A8CB88300C496A0 /* TwoNumberSum.swift */; };
		B12BE9002A8CBC8800C496A0 /* TwoNumberTests.swift in Sources */ = {isa = PBXBuildFile; fileRef = B12BE8FF2A8CBC8800C496A0 /* TwoNumberTests.swift */; };
		B12BE9022A8CC13600C496A0 /* ValidateSubSequence.swift in Sources */ = {isa = PBXBuildFile; fileRef = B12BE9012A8CC13600C496A0 /* ValidateSubSequence.swift */; };
		B12BE9042A8CC17000C496A0 /* ValidateSubSequenceTests.swift in Sources */ = {isa = PBXBuildFile; fileRef = B12BE9032A8CC16F00C496A0 /* ValidateSubSequenceTests.swift */; };
		B12BE9062A8CD53200C496A0 /* SortedSquaredArray.swift in Sources */ = {isa = PBXBuildFile; fileRef = B12BE9052A8CD53200C496A0 /* SortedSquaredArray.swift */; };
		B12BE9082A8CD55100C496A0 /* SortedSquaredArrayTests.swift in Sources */ = {isa = PBXBuildFile; fileRef = B12BE9072A8CD55100C496A0 /* SortedSquaredArrayTests.swift */; };
		B12BE90A2A8DECB100C496A0 /* TournamentWinner.swift in Sources */ = {isa = PBXBuildFile; fileRef = B12BE9092A8DECB100C496A0 /* TournamentWinner.swift */; };
		B12BE90C2A8DECC000C496A0 /* TournamentWinnerTests.swift in Sources */ = {isa = PBXBuildFile; fileRef = B12BE90B2A8DECC000C496A0 /* TournamentWinnerTests.swift */; };
		B12BE90E2A92492E00C496A0 /* TransposeMatrix.swift in Sources */ = {isa = PBXBuildFile; fileRef = B12BE90D2A92492E00C496A0 /* TransposeMatrix.swift */; };
		B12BE9102A92493A00C496A0 /* TransposeMatrixTests.swift in Sources */ = {isa = PBXBuildFile; fileRef = B12BE90F2A92493A00C496A0 /* TransposeMatrixTests.swift */; };
/* End PBXBuildFile section */

/* Begin PBXContainerItemProxy section */
		B12BE8FA2A8CBA9A00C496A0 /* PBXContainerItemProxy */ = {
			isa = PBXContainerItemProxy;
			containerPortal = B12BE8C32A8C8D7C00C496A0 /* Project object */;
			proxyType = 1;
			remoteGlobalIDString = B12BE8CA2A8C8D7C00C496A0;
			remoteInfo = DSA;
		};
/* End PBXContainerItemProxy section */

/* Begin PBXFileReference section */
		B12BE8CB2A8C8D7C00C496A0 /* DSA.app */ = {isa = PBXFileReference; explicitFileType = wrapper.application; includeInIndex = 0; path = DSA.app; sourceTree = BUILT_PRODUCTS_DIR; };
		B12BE8CE2A8C8D7C00C496A0 /* DSAApp.swift */ = {isa = PBXFileReference; lastKnownFileType = sourcecode.swift; path = DSAApp.swift; sourceTree = "<group>"; };
		B12BE8D02A8C8D7C00C496A0 /* ContentView.swift */ = {isa = PBXFileReference; lastKnownFileType = sourcecode.swift; path = ContentView.swift; sourceTree = "<group>"; };
		B12BE8D22A8C8D7E00C496A0 /* Assets.xcassets */ = {isa = PBXFileReference; lastKnownFileType = folder.assetcatalog; path = Assets.xcassets; sourceTree = "<group>"; };
		B12BE8D52A8C8D7E00C496A0 /* Preview Assets.xcassets */ = {isa = PBXFileReference; lastKnownFileType = folder.assetcatalog; path = "Preview Assets.xcassets"; sourceTree = "<group>"; };
		B12BE8DE2A8C9ED100C496A0 /* AlgoRunner.swift */ = {isa = PBXFileReference; lastKnownFileType = sourcecode.swift; path = AlgoRunner.swift; sourceTree = "<group>"; };
		B12BE8EE2A8CB88300C496A0 /* TwoNumberSum.swift */ = {isa = PBXFileReference; lastKnownFileType = sourcecode.swift; path = TwoNumberSum.swift; sourceTree = "<group>"; };
		B12BE8F62A8CBA9A00C496A0 /* DSATests.xctest */ = {isa = PBXFileReference; explicitFileType = wrapper.cfbundle; includeInIndex = 0; path = DSATests.xctest; sourceTree = BUILT_PRODUCTS_DIR; };
		B12BE8FF2A8CBC8800C496A0 /* TwoNumberTests.swift */ = {isa = PBXFileReference; lastKnownFileType = sourcecode.swift; path = TwoNumberTests.swift; sourceTree = "<group>"; };
		B12BE9012A8CC13600C496A0 /* ValidateSubSequence.swift */ = {isa = PBXFileReference; lastKnownFileType = sourcecode.swift; path = ValidateSubSequence.swift; sourceTree = "<group>"; };
		B12BE9032A8CC16F00C496A0 /* ValidateSubSequenceTests.swift */ = {isa = PBXFileReference; lastKnownFileType = sourcecode.swift; path = ValidateSubSequenceTests.swift; sourceTree = "<group>"; };
		B12BE9052A8CD53200C496A0 /* SortedSquaredArray.swift */ = {isa = PBXFileReference; lastKnownFileType = sourcecode.swift; path = SortedSquaredArray.swift; sourceTree = "<group>"; };
		B12BE9072A8CD55100C496A0 /* SortedSquaredArrayTests.swift */ = {isa = PBXFileReference; lastKnownFileType = sourcecode.swift; path = SortedSquaredArrayTests.swift; sourceTree = "<group>"; };
		B12BE9092A8DECB100C496A0 /* TournamentWinner.swift */ = {isa = PBXFileReference; lastKnownFileType = sourcecode.swift; path = TournamentWinner.swift; sourceTree = "<group>"; };
		B12BE90B2A8DECC000C496A0 /* TournamentWinnerTests.swift */ = {isa = PBXFileReference; lastKnownFileType = sourcecode.swift; path = TournamentWinnerTests.swift; sourceTree = "<group>"; };
		B12BE90D2A92492E00C496A0 /* TransposeMatrix.swift */ = {isa = PBXFileReference; lastKnownFileType = sourcecode.swift; path = TransposeMatrix.swift; sourceTree = "<group>"; };
		B12BE90F2A92493A00C496A0 /* TransposeMatrixTests.swift */ = {isa = PBXFileReference; lastKnownFileType = sourcecode.swift; path = TransposeMatrixTests.swift; sourceTree = "<group>"; };
/* End PBXFileReference section */

/* Begin PBXFrameworksBuildPhase section */
		B12BE8C82A8C8D7C00C496A0 /* Frameworks */ = {
			isa = PBXFrameworksBuildPhase;
			buildActionMask = 2147483647;
			files = (
			);
			runOnlyForDeploymentPostprocessing = 0;
		};
		B12BE8F32A8CBA9A00C496A0 /* Frameworks */ = {
			isa = PBXFrameworksBuildPhase;
			buildActionMask = 2147483647;
			files = (
			);
			runOnlyForDeploymentPostprocessing = 0;
		};
/* End PBXFrameworksBuildPhase section */

/* Begin PBXGroup section */
		B12BE8C22A8C8D7C00C496A0 = {
			isa = PBXGroup;
			children = (
				B12BE8CD2A8C8D7C00C496A0 /* DSA */,
				B12BE8F72A8CBA9A00C496A0 /* DSATests */,
				B12BE8CC2A8C8D7C00C496A0 /* Products */,
			);
			sourceTree = "<group>";
		};
		B12BE8CC2A8C8D7C00C496A0 /* Products */ = {
			isa = PBXGroup;
			children = (
				B12BE8CB2A8C8D7C00C496A0 /* DSA.app */,
				B12BE8F62A8CBA9A00C496A0 /* DSATests.xctest */,
			);
			name = Products;
			sourceTree = "<group>";
		};
		B12BE8CD2A8C8D7C00C496A0 /* DSA */ = {
			isa = PBXGroup;
			children = (
				B12BE8CE2A8C8D7C00C496A0 /* DSAApp.swift */,
				B12BE8D02A8C8D7C00C496A0 /* ContentView.swift */,
				B12BE8DE2A8C9ED100C496A0 /* AlgoRunner.swift */,
				B12BE8ED2A8C9FD800C496A0 /* Algorithms */,
				B12BE8D22A8C8D7E00C496A0 /* Assets.xcassets */,
				B12BE8D42A8C8D7E00C496A0 /* Preview Content */,
			);
			path = DSA;
			sourceTree = "<group>";
		};
		B12BE8D42A8C8D7E00C496A0 /* Preview Content */ = {
			isa = PBXGroup;
			children = (
				B12BE8D52A8C8D7E00C496A0 /* Preview Assets.xcassets */,
			);
			path = "Preview Content";
			sourceTree = "<group>";
		};
		B12BE8ED2A8C9FD800C496A0 /* Algorithms */ = {
			isa = PBXGroup;
			children = (
				B12BE8EE2A8CB88300C496A0 /* TwoNumberSum.swift */,
				B12BE9012A8CC13600C496A0 /* ValidateSubSequence.swift */,
				B12BE9052A8CD53200C496A0 /* SortedSquaredArray.swift */,
				B12BE9092A8DECB100C496A0 /* TournamentWinner.swift */,
				B12BE90D2A92492E00C496A0 /* TransposeMatrix.swift */,
			);
			path = Algorithms;
			sourceTree = "<group>";
		};
		B12BE8F72A8CBA9A00C496A0 /* DSATests */ = {
			isa = PBXGroup;
			children = (
				B12BE8FF2A8CBC8800C496A0 /* TwoNumberTests.swift */,
				B12BE9032A8CC16F00C496A0 /* ValidateSubSequenceTests.swift */,
				B12BE9072A8CD55100C496A0 /* SortedSquaredArrayTests.swift */,
				B12BE90B2A8DECC000C496A0 /* TournamentWinnerTests.swift */,
				B12BE90F2A92493A00C496A0 /* TransposeMatrixTests.swift */,
			);
			path = DSATests;
			sourceTree = "<group>";
		};
/* End PBXGroup section */

/* Begin PBXNativeTarget section */
		B12BE8CA2A8C8D7C00C496A0 /* DSA */ = {
			isa = PBXNativeTarget;
			buildConfigurationList = B12BE8D92A8C8D7E00C496A0 /* Build configuration list for PBXNativeTarget "DSA" */;
			buildPhases = (
				B12BE8C72A8C8D7C00C496A0 /* Sources */,
				B12BE8C82A8C8D7C00C496A0 /* Frameworks */,
				B12BE8C92A8C8D7C00C496A0 /* Resources */,
			);
			buildRules = (
			);
			dependencies = (
			);
			name = DSA;
			productName = DSA;
			productReference = B12BE8CB2A8C8D7C00C496A0 /* DSA.app */;
			productType = "com.apple.product-type.application";
		};
		B12BE8F52A8CBA9A00C496A0 /* DSATests */ = {
			isa = PBXNativeTarget;
			buildConfigurationList = B12BE8FC2A8CBA9A00C496A0 /* Build configuration list for PBXNativeTarget "DSATests" */;
			buildPhases = (
				B12BE8F22A8CBA9A00C496A0 /* Sources */,
				B12BE8F32A8CBA9A00C496A0 /* Frameworks */,
				B12BE8F42A8CBA9A00C496A0 /* Resources */,
			);
			buildRules = (
			);
			dependencies = (
				B12BE8FB2A8CBA9A00C496A0 /* PBXTargetDependency */,
			);
			name = DSATests;
			productName = DSATests;
			productReference = B12BE8F62A8CBA9A00C496A0 /* DSATests.xctest */;
			productType = "com.apple.product-type.bundle.unit-test";
		};
/* End PBXNativeTarget section */

/* Begin PBXProject section */
		B12BE8C32A8C8D7C00C496A0 /* Project object */ = {
			isa = PBXProject;
			attributes = {
				BuildIndependentTargetsInParallel = 1;
				LastSwiftUpdateCheck = 1430;
				LastUpgradeCheck = 1430;
				TargetAttributes = {
					B12BE8CA2A8C8D7C00C496A0 = {
						CreatedOnToolsVersion = 14.3.1;
					};
					B12BE8F52A8CBA9A00C496A0 = {
						CreatedOnToolsVersion = 14.3.1;
						TestTargetID = B12BE8CA2A8C8D7C00C496A0;
					};
				};
			};
			buildConfigurationList = B12BE8C62A8C8D7C00C496A0 /* Build configuration list for PBXProject "DSA" */;
			compatibilityVersion = "Xcode 14.0";
			developmentRegion = en;
			hasScannedForEncodings = 0;
			knownRegions = (
				en,
				Base,
			);
			mainGroup = B12BE8C22A8C8D7C00C496A0;
			productRefGroup = B12BE8CC2A8C8D7C00C496A0 /* Products */;
			projectDirPath = "";
			projectRoot = "";
			targets = (
				B12BE8CA2A8C8D7C00C496A0 /* DSA */,
				B12BE8F52A8CBA9A00C496A0 /* DSATests */,
			);
		};
/* End PBXProject section */

/* Begin PBXResourcesBuildPhase section */
		B12BE8C92A8C8D7C00C496A0 /* Resources */ = {
			isa = PBXResourcesBuildPhase;
			buildActionMask = 2147483647;
			files = (
				B12BE8D62A8C8D7E00C496A0 /* Preview Assets.xcassets in Resources */,
				B12BE8D32A8C8D7E00C496A0 /* Assets.xcassets in Resources */,
			);
			runOnlyForDeploymentPostprocessing = 0;
		};
		B12BE8F42A8CBA9A00C496A0 /* Resources */ = {
			isa = PBXResourcesBuildPhase;
			buildActionMask = 2147483647;
			files = (
			);
			runOnlyForDeploymentPostprocessing = 0;
		};
/* End PBXResourcesBuildPhase section */

/* Begin PBXSourcesBuildPhase section */
		B12BE8C72A8C8D7C00C496A0 /* Sources */ = {
			isa = PBXSourcesBuildPhase;
			buildActionMask = 2147483647;
			files = (
				B12BE8DF2A8C9ED100C496A0 /* AlgoRunner.swift in Sources */,
				B12BE8EF2A8CB88300C496A0 /* TwoNumberSum.swift in Sources */,
				B12BE9022A8CC13600C496A0 /* ValidateSubSequence.swift in Sources */,
				B12BE90A2A8DECB100C496A0 /* TournamentWinner.swift in Sources */,
				B12BE90E2A92492E00C496A0 /* TransposeMatrix.swift in Sources */,
				B12BE8D12A8C8D7C00C496A0 /* ContentView.swift in Sources */,
				B12BE9062A8CD53200C496A0 /* SortedSquaredArray.swift in Sources */,
				B12BE8CF2A8C8D7C00C496A0 /* DSAApp.swift in Sources */,
			);
			runOnlyForDeploymentPostprocessing = 0;
		};
		B12BE8F22A8CBA9A00C496A0 /* Sources */ = {
			isa = PBXSourcesBuildPhase;
			buildActionMask = 2147483647;
			files = (
				B12BE9102A92493A00C496A0 /* TransposeMatrixTests.swift in Sources */,
				B12BE9002A8CBC8800C496A0 /* TwoNumberTests.swift in Sources */,
				B12BE90C2A8DECC000C496A0 /* TournamentWinnerTests.swift in Sources */,
				B12BE9082A8CD55100C496A0 /* SortedSquaredArrayTests.swift in Sources */,
				B12BE9042A8CC17000C496A0 /* ValidateSubSequenceTests.swift in Sources */,
			);
			runOnlyForDeploymentPostprocessing = 0;
		};
/* End PBXSourcesBuildPhase section */

/* Begin PBXTargetDependency section */
		B12BE8FB2A8CBA9A00C496A0 /* PBXTargetDependency */ = {
			isa = PBXTargetDependency;
			target = B12BE8CA2A8C8D7C00C496A0 /* DSA */;
			targetProxy = B12BE8FA2A8CBA9A00C496A0 /* PBXContainerItemProxy */;
		};
/* End PBXTargetDependency section */

/* Begin XCBuildConfiguration section */
		B12BE8D72A8C8D7E00C496A0 /* Debug */ = {
			isa = XCBuildConfiguration;
			buildSettings = {
				ALWAYS_SEARCH_USER_PATHS = NO;
				CLANG_ANALYZER_NONNULL = YES;
				CLANG_ANALYZER_NUMBER_OBJECT_CONVERSION = YES_AGGRESSIVE;
				CLANG_CXX_LANGUAGE_STANDARD = "gnu++20";
				CLANG_ENABLE_MODULES = YES;
				CLANG_ENABLE_OBJC_ARC = YES;
				CLANG_ENABLE_OBJC_WEAK = YES;
				CLANG_WARN_BLOCK_CAPTURE_AUTORELEASING = YES;
				CLANG_WARN_BOOL_CONVERSION = YES;
				CLANG_WARN_COMMA = YES;
				CLANG_WARN_CONSTANT_CONVERSION = YES;
				CLANG_WARN_DEPRECATED_OBJC_IMPLEMENTATIONS = YES;
				CLANG_WARN_DIRECT_OBJC_ISA_USAGE = YES_ERROR;
				CLANG_WARN_DOCUMENTATION_COMMENTS = YES;
				CLANG_WARN_EMPTY_BODY = YES;
				CLANG_WARN_ENUM_CONVERSION = YES;
				CLANG_WARN_INFINITE_RECURSION = YES;
				CLANG_WARN_INT_CONVERSION = YES;
				CLANG_WARN_NON_LITERAL_NULL_CONVERSION = YES;
				CLANG_WARN_OBJC_IMPLICIT_RETAIN_SELF = YES;
				CLANG_WARN_OBJC_LITERAL_CONVERSION = YES;
				CLANG_WARN_OBJC_ROOT_CLASS = YES_ERROR;
				CLANG_WARN_QUOTED_INCLUDE_IN_FRAMEWORK_HEADER = YES;
				CLANG_WARN_RANGE_LOOP_ANALYSIS = YES;
				CLANG_WARN_STRICT_PROTOTYPES = YES;
				CLANG_WARN_SUSPICIOUS_MOVE = YES;
				CLANG_WARN_UNGUARDED_AVAILABILITY = YES_AGGRESSIVE;
				CLANG_WARN_UNREACHABLE_CODE = YES;
				CLANG_WARN__DUPLICATE_METHOD_MATCH = YES;
				COPY_PHASE_STRIP = NO;
				DEBUG_INFORMATION_FORMAT = dwarf;
				ENABLE_STRICT_OBJC_MSGSEND = YES;
				ENABLE_TESTABILITY = YES;
				GCC_C_LANGUAGE_STANDARD = gnu11;
				GCC_DYNAMIC_NO_PIC = NO;
				GCC_NO_COMMON_BLOCKS = YES;
				GCC_OPTIMIZATION_LEVEL = 0;
				GCC_PREPROCESSOR_DEFINITIONS = (
					"DEBUG=1",
					"$(inherited)",
				);
				GCC_WARN_64_TO_32_BIT_CONVERSION = YES;
				GCC_WARN_ABOUT_RETURN_TYPE = YES_ERROR;
				GCC_WARN_UNDECLARED_SELECTOR = YES;
				GCC_WARN_UNINITIALIZED_AUTOS = YES_AGGRESSIVE;
				GCC_WARN_UNUSED_FUNCTION = YES;
				GCC_WARN_UNUSED_VARIABLE = YES;
				IPHONEOS_DEPLOYMENT_TARGET = 16.4;
				MTL_ENABLE_DEBUG_INFO = INCLUDE_SOURCE;
				MTL_FAST_MATH = YES;
				ONLY_ACTIVE_ARCH = YES;
				SDKROOT = iphoneos;
				SWIFT_ACTIVE_COMPILATION_CONDITIONS = DEBUG;
				SWIFT_OPTIMIZATION_LEVEL = "-Onone";
			};
			name = Debug;
		};
		B12BE8D82A8C8D7E00C496A0 /* Release */ = {
			isa = XCBuildConfiguration;
			buildSettings = {
				ALWAYS_SEARCH_USER_PATHS = NO;
				CLANG_ANALYZER_NONNULL = YES;
				CLANG_ANALYZER_NUMBER_OBJECT_CONVERSION = YES_AGGRESSIVE;
				CLANG_CXX_LANGUAGE_STANDARD = "gnu++20";
				CLANG_ENABLE_MODULES = YES;
				CLANG_ENABLE_OBJC_ARC = YES;
				CLANG_ENABLE_OBJC_WEAK = YES;
				CLANG_WARN_BLOCK_CAPTURE_AUTORELEASING = YES;
				CLANG_WARN_BOOL_CONVERSION = YES;
				CLANG_WARN_COMMA = YES;
				CLANG_WARN_CONSTANT_CONVERSION = YES;
				CLANG_WARN_DEPRECATED_OBJC_IMPLEMENTATIONS = YES;
				CLANG_WARN_DIRECT_OBJC_ISA_USAGE = YES_ERROR;
				CLANG_WARN_DOCUMENTATION_COMMENTS = YES;
				CLANG_WARN_EMPTY_BODY = YES;
				CLANG_WARN_ENUM_CONVERSION = YES;
				CLANG_WARN_INFINITE_RECURSION = YES;
				CLANG_WARN_INT_CONVERSION = YES;
				CLANG_WARN_NON_LITERAL_NULL_CONVERSION = YES;
				CLANG_WARN_OBJC_IMPLICIT_RETAIN_SELF = YES;
				CLANG_WARN_OBJC_LITERAL_CONVERSION = YES;
				CLANG_WARN_OBJC_ROOT_CLASS = YES_ERROR;
				CLANG_WARN_QUOTED_INCLUDE_IN_FRAMEWORK_HEADER = YES;
				CLANG_WARN_RANGE_LOOP_ANALYSIS = YES;
				CLANG_WARN_STRICT_PROTOTYPES = YES;
				CLANG_WARN_SUSPICIOUS_MOVE = YES;
				CLANG_WARN_UNGUARDED_AVAILABILITY = YES_AGGRESSIVE;
				CLANG_WARN_UNREACHABLE_CODE = YES;
				CLANG_WARN__DUPLICATE_METHOD_MATCH = YES;
				COPY_PHASE_STRIP = NO;
				DEBUG_INFORMATION_FORMAT = "dwarf-with-dsym";
				ENABLE_NS_ASSERTIONS = NO;
				ENABLE_STRICT_OBJC_MSGSEND = YES;
				GCC_C_LANGUAGE_STANDARD = gnu11;
				GCC_NO_COMMON_BLOCKS = YES;
				GCC_WARN_64_TO_32_BIT_CONVERSION = YES;
				GCC_WARN_ABOUT_RETURN_TYPE = YES_ERROR;
				GCC_WARN_UNDECLARED_SELECTOR = YES;
				GCC_WARN_UNINITIALIZED_AUTOS = YES_AGGRESSIVE;
				GCC_WARN_UNUSED_FUNCTION = YES;
				GCC_WARN_UNUSED_VARIABLE = YES;
				IPHONEOS_DEPLOYMENT_TARGET = 16.4;
				MTL_ENABLE_DEBUG_INFO = NO;
				MTL_FAST_MATH = YES;
				SDKROOT = iphoneos;
				SWIFT_COMPILATION_MODE = wholemodule;
				SWIFT_OPTIMIZATION_LEVEL = "-O";
				VALIDATE_PRODUCT = YES;
			};
			name = Release;
		};
		B12BE8DA2A8C8D7E00C496A0 /* Debug */ = {
			isa = XCBuildConfiguration;
			buildSettings = {
				ASSETCATALOG_COMPILER_APPICON_NAME = AppIcon;
				ASSETCATALOG_COMPILER_GLOBAL_ACCENT_COLOR_NAME = AccentColor;
				CODE_SIGN_STYLE = Automatic;
				CURRENT_PROJECT_VERSION = 1;
				DEVELOPMENT_ASSET_PATHS = "\"DSA/Preview Content\"";
				DEVELOPMENT_TEAM = FMS3QNBWNY;
				ENABLE_PREVIEWS = YES;
				GENERATE_INFOPLIST_FILE = YES;
				INFOPLIST_KEY_UIApplicationSceneManifest_Generation = YES;
				INFOPLIST_KEY_UIApplicationSupportsIndirectInputEvents = YES;
				INFOPLIST_KEY_UILaunchScreen_Generation = YES;
				INFOPLIST_KEY_UISupportedInterfaceOrientations_iPad = "UIInterfaceOrientationPortrait UIInterfaceOrientationPortraitUpsideDown UIInterfaceOrientationLandscapeLeft UIInterfaceOrientationLandscapeRight";
				INFOPLIST_KEY_UISupportedInterfaceOrientations_iPhone = "UIInterfaceOrientationPortrait UIInterfaceOrientationLandscapeLeft UIInterfaceOrientationLandscapeRight";
				LD_RUNPATH_SEARCH_PATHS = (
					"$(inherited)",
					"@executable_path/Frameworks",
				);
				MARKETING_VERSION = 1.0;
				PRODUCT_BUNDLE_IDENTIFIER = com.sid.DSA;
				PRODUCT_NAME = "$(TARGET_NAME)";
				SWIFT_EMIT_LOC_STRINGS = YES;
				SWIFT_VERSION = 5.0;
				TARGETED_DEVICE_FAMILY = "1,2";
			};
			name = Debug;
		};
		B12BE8DB2A8C8D7E00C496A0 /* Release */ = {
			isa = XCBuildConfiguration;
			buildSettings = {
				ASSETCATALOG_COMPILER_APPICON_NAME = AppIcon;
				ASSETCATALOG_COMPILER_GLOBAL_ACCENT_COLOR_NAME = AccentColor;
				CODE_SIGN_STYLE = Automatic;
				CURRENT_PROJECT_VERSION = 1;
				DEVELOPMENT_ASSET_PATHS = "\"DSA/Preview Content\"";
				DEVELOPMENT_TEAM = FMS3QNBWNY;
				ENABLE_PREVIEWS = YES;
				GENERATE_INFOPLIST_FILE = YES;
				INFOPLIST_KEY_UIApplicationSceneManifest_Generation = YES;
				INFOPLIST_KEY_UIApplicationSupportsIndirectInputEvents = YES;
				INFOPLIST_KEY_UILaunchScreen_Generation = YES;
				INFOPLIST_KEY_UISupportedInterfaceOrientations_iPad = "UIInterfaceOrientationPortrait UIInterfaceOrientationPortraitUpsideDown UIInterfaceOrientationLandscapeLeft UIInterfaceOrientationLandscapeRight";
				INFOPLIST_KEY_UISupportedInterfaceOrientations_iPhone = "UIInterfaceOrientationPortrait UIInterfaceOrientationLandscapeLeft UIInterfaceOrientationLandscapeRight";
				LD_RUNPATH_SEARCH_PATHS = (
					"$(inherited)",
					"@executable_path/Frameworks",
				);
				MARKETING_VERSION = 1.0;
				PRODUCT_BUNDLE_IDENTIFIER = com.sid.DSA;
				PRODUCT_NAME = "$(TARGET_NAME)";
				SWIFT_EMIT_LOC_STRINGS = YES;
				SWIFT_VERSION = 5.0;
				TARGETED_DEVICE_FAMILY = "1,2";
			};
			name = Release;
		};
		B12BE8FD2A8CBA9A00C496A0 /* Debug */ = {
			isa = XCBuildConfiguration;
			buildSettings = {
				BUNDLE_LOADER = "$(TEST_HOST)";
				CODE_SIGN_STYLE = Automatic;
				CURRENT_PROJECT_VERSION = 1;
				DEVELOPMENT_TEAM = FMS3QNBWNY;
				GENERATE_INFOPLIST_FILE = YES;
				MARKETING_VERSION = 1.0;
				PRODUCT_BUNDLE_IDENTIFIER = com.sid.DSATests;
				PRODUCT_NAME = "$(TARGET_NAME)";
				SWIFT_EMIT_LOC_STRINGS = NO;
				SWIFT_VERSION = 5.0;
				TARGETED_DEVICE_FAMILY = "1,2";
				TEST_HOST = "$(BUILT_PRODUCTS_DIR)/DSA.app/$(BUNDLE_EXECUTABLE_FOLDER_PATH)/DSA";
			};
			name = Debug;
		};
		B12BE8FE2A8CBA9A00C496A0 /* Release */ = {
			isa = XCBuildConfiguration;
			buildSettings = {
				BUNDLE_LOADER = "$(TEST_HOST)";
				CODE_SIGN_STYLE = Automatic;
				CURRENT_PROJECT_VERSION = 1;
				DEVELOPMENT_TEAM = FMS3QNBWNY;
				GENERATE_INFOPLIST_FILE = YES;
				MARKETING_VERSION = 1.0;
				PRODUCT_BUNDLE_IDENTIFIER = com.sid.DSATests;
				PRODUCT_NAME = "$(TARGET_NAME)";
				SWIFT_EMIT_LOC_STRINGS = NO;
				SWIFT_VERSION = 5.0;
				TARGETED_DEVICE_FAMILY = "1,2";
				TEST_HOST = "$(BUILT_PRODUCTS_DIR)/DSA.app/$(BUNDLE_EXECUTABLE_FOLDER_PATH)/DSA";
			};
			name = Release;
		};
/* End XCBuildConfiguration section */

/* Begin XCConfigurationList section */
		B12BE8C62A8C8D7C00C496A0 /* Build configuration list for PBXProject "DSA" */ = {
			isa = XCConfigurationList;
			buildConfigurations = (
				B12BE8D72A8C8D7E00C496A0 /* Debug */,
				B12BE8D82A8C8D7E00C496A0 /* Release */,
			);
			defaultConfigurationIsVisible = 0;
			defaultConfigurationName = Release;
		};
		B12BE8D92A8C8D7E00C496A0 /* Build configuration list for PBXNativeTarget "DSA" */ = {
			isa = XCConfigurationList;
			buildConfigurations = (
				B12BE8DA2A8C8D7E00C496A0 /* Debug */,
				B12BE8DB2A8C8D7E00C496A0 /* Release */,
			);
			defaultConfigurationIsVisible = 0;
			defaultConfigurationName = Release;
		};
		B12BE8FC2A8CBA9A00C496A0 /* Build configuration list for PBXNativeTarget "DSATests" */ = {
			isa = XCConfigurationList;
			buildConfigurations = (
				B12BE8FD2A8CBA9A00C496A0 /* Debug */,
				B12BE8FE2A8CBA9A00C496A0 /* Release */,
			);
			defaultConfigurationIsVisible = 0;
			defaultConfigurationName = Release;
		};
/* End XCConfigurationList section */
	};
	rootObject = B12BE8C32A8C8D7C00C496A0 /* Project object */;
}
